
Microsoft Visual Studio Solution File, Format Version 12.00
# Visual Studio Version 16
VisualStudioVersion = 16.0.29403.142
MinimumVisualStudioVersion = 10.0.40219.1
Project("{FAE04EC0-301F-11D3-BF4B-00C04F79EFBC}") = "BglGithubSite", "BglGithubSite\BglGithubSite.csproj", "{8C7C89D8-818E-44AE-A2D3-9C21B28A72A2}"
EndProject
Project("{FAE04EC0-301F-11D3-BF4B-00C04F79EFBC}") = "BglGithubSite.Tests", "BglGithubSite.Tests\BglGithubSite.Tests.csproj", "{5EE905CD-1701-4D83-A6C0-506282AF9186}"
EndProject
Global
	GlobalSection(SolutionConfigurationPlatforms) = preSolution
		Debug|Any CPU = Debug|Any CPU
		Release|Any CPU = Release|Any CPU
	EndGlobalSection
	GlobalSection(ProjectConfigurationPlatforms) = postSolution
		{8C7C89D8-818E-44AE-A2D3-9C21B28A72A2}.Debug|Any CPU.ActiveCfg = Debug|Any CPU
		{8C7C89D8-818E-44AE-A2D3-9C21B28A72A2}.Debug|Any CPU.Build.0 = Debug|Any CPU
		{8C7C89D8-818E-44AE-A2D3-9C21B28A72A2}.Release|Any CPU.ActiveCfg = Release|Any CPU
		{8C7C89D8-818E-44AE-A2D3-9C21B28A72A2}.Release|Any CPU.Build.0 = Release|Any CPU
		{5EE905CD-1701-4D83-A6C0-506282AF9186}.Debug|Any CPU.ActiveCfg = Debug|Any CPU
		{5EE905CD-1701-4D83-A6C0-506282AF9186}.Debug|Any CPU.Build.0 = Debug|Any CPU
		{5EE905CD-1701-4D83-A6C0-506282AF9186}.Release|Any CPU.ActiveCfg = Release|Any CPU
		{5EE905CD-1701-4D83-A6C0-506282AF9186}.Release|Any CPU.Build.0 = Release|Any CPU
	EndGlobalSection
	GlobalSection(SolutionProperties) = preSolution
		HideSolutionNode = FALSE
	EndGlobalSection
	GlobalSection(ExtensibilityGlobals) = postSolution
		SolutionGuid = {9A105676-CB30-4116-BF5F-14AADB05A3F5}
	EndGlobalSection
EndGlobal
